# This file is automatically @generated by Cargo.
# It is not intended for manual editing.
version = 4

[[package]]
name = "anstyle"
version = "1.0.8"
source = "registry+https://github.com/rust-lang/crates.io-index"
checksum = "1bec1de6f59aedf83baf9ff929c98f2ad654b97c9510f4e70cf6f661d49fd5b1"

[[package]]
name = "clap"
version = "4.5.43"
source = "registry+https://github.com/rust-lang/crates.io-index"
checksum = "50fd97c9dc2399518aa331917ac6f274280ec5eb34e555dd291899745c48ec6f"
dependencies = [
 "clap_builder",
 "clap_derive",
]

[[package]]
name = "clap_builder"
version = "4.5.43"
source = "registry+https://github.com/rust-lang/crates.io-index"
checksum = "c35b5830294e1fa0462034af85cc95225a4cb07092c088c55bda3147cfcd8f65"
dependencies = [
 "anstyle",
 "clap_lex",
]

[[package]]
name = "clap_derive"
version = "4.5.41"
source = "registry+https://github.com/rust-lang/crates.io-index"
checksum = "ef4f52386a59ca4c860f7393bcf8abd8dfd91ecccc0f774635ff68e92eeef491"
dependencies = [
 "heck",
 "proc-macro2",
 "quote",
 "syn",
]

[[package]]
name = "clap_lex"
version = "0.7.4"
source = "registry+https://github.com/rust-lang/crates.io-index"
checksum = "f46ad14479a25103f283c0f10005961cf086d8dc42205bb44c46ac563475dca6"

[[package]]
name = "duration-string"
version = "0.5.2"
source = "registry+https://github.com/rust-lang/crates.io-index"
checksum = "04782251e09dc67c90d694d89e9a3e5fc6cfe883df1b203202de672d812fb299"

[[package]]
name = "exponential-backoff"
version = "2.1.0"
source = "registry+https://github.com/rust-lang/crates.io-index"
checksum = "020662aa57307d8884be79fca464cce073745cfe6ac70805770972113ca6ee95"
dependencies = [
 "fastrand",
]

[[package]]
name = "fastrand"
version = "2.1.0"
source = "registry+https://github.com/rust-lang/crates.io-index"
checksum = "9fc0510504f03c51ada170672ac806f1f105a88aa97a5281117e1ddc3368e51a"

[[package]]
name = "heck"
version = "0.5.0"
source = "registry+https://github.com/rust-lang/crates.io-index"
checksum = "2304e00983f87ffb38b55b444b5e3b60a884b5d30c0fca7d82fe33449bbe55ea"

[[package]]
name = "proc-macro2"
version = "1.0.86"
source = "registry+https://github.com/rust-lang/crates.io-index"
checksum = "5e719e8df665df0d1c8fbfd238015744736151d4445ec0836b8e628aae103b77"
dependencies = [
 "unicode-ident",
]

[[package]]
name = "quote"
version = "1.0.37"
source = "registry+https://github.com/rust-lang/crates.io-index"
checksum = "b5b9d34b8991d19d98081b46eacdd8eb58c6f2b201139f7c5f643cc155a633af"
dependencies = [
 "proc-macro2",
]

[[package]]
name = "retry-cli"
version = "0.0.5"
dependencies = [
 "clap",
 "duration-string",
 "exponential-backoff",
]

[[package]]
name = "syn"
version = "2.0.75"
source = "registry+https://github.com/rust-lang/crates.io-index"
checksum = "f6af063034fc1935ede7be0122941bafa9bacb949334d090b77ca98b5817c7d9"
dependencies = [
 "proc-macro2",
 "quote",
 "unicode-ident",
]

[[package]]
name = "unicode-ident"
version = "1.0.12"
source = "registry+https://github.com/rust-lang/crates.io-index"
checksum = "3354b9ac3fae1ff6755cb6db53683adb661634f67557942dea4facebec0fee4b"
