# This file is automatically @generated by Cargo.
# It is not intended for manual editing.
version = 4

[[package]]
name = "anstyle"
version = "1.0.13"
source = "registry+https://github.com/rust-lang/crates.io-index"
checksum = "5192cca8006f1fd4f7237516f40fa183bb07f8fbdfedaa0036de5ea9b0b45e78"

[[package]]
name = "clap"
version = "4.6.0"
source = "registry+https://github.com/rust-lang/crates.io-index"
checksum = "b193af5b67834b676abd72466a96c1024e6a6ad978a1f484bd90b85c94041351"
dependencies = [
 "clap_builder",
 "clap_derive",
]

[[package]]
name = "clap_builder"
version = "4.6.0"
source = "registry+https://github.com/rust-lang/crates.io-index"
checksum = "714a53001bf66416adb0e2ef5ac857140e7dc3a0c48fb28b2f10762fc4b5069f"
dependencies = [
 "anstyle",
 "clap_lex",
]

[[package]]
name = "clap_derive"
version = "4.6.0"
source = "registry+https://github.com/rust-lang/crates.io-index"
checksum = "1110bd8a634a1ab8cb04345d8d878267d57c3cf1b38d91b71af6686408bbca6a"
dependencies = [
 "heck",
 "proc-macro2",
 "quote",
 "syn",
]

[[package]]
name = "clap_lex"
version = "1.0.0"
source = "registry+https://github.com/rust-lang/crates.io-index"
checksum = "3a822ea5bc7590f9d40f1ba12c0dc3c2760f3482c6984db1573ad11031420831"

[[package]]
name = "duration-string"
version = "0.5.3"
source = "registry+https://github.com/rust-lang/crates.io-index"
checksum = "edbd404ab304f4426de3e981a875a77129597ce04202c9b8b4502c6f1c246809"

[[package]]
name = "exponential-backoff"
version = "2.1.0"
source = "registry+https://github.com/rust-lang/crates.io-index"
checksum = "020662aa57307d8884be79fca464cce073745cfe6ac70805770972113ca6ee95"
dependencies = [
 "fastrand",
]

[[package]]
name = "fastrand"
version = "2.3.0"
source = "registry+https://github.com/rust-lang/crates.io-index"
checksum = "37909eebbb50d72f9059c3b6d82c0463f2ff062c9e95845c43a6c9c0355411be"

[[package]]
name = "heck"
version = "0.5.0"
source = "registry+https://github.com/rust-lang/crates.io-index"
checksum = "2304e00983f87ffb38b55b444b5e3b60a884b5d30c0fca7d82fe33449bbe55ea"

[[package]]
name = "proc-macro2"
version = "1.0.106"
source = "registry+https://github.com/rust-lang/crates.io-index"
checksum = "8fd00f0bb2e90d81d1044c2b32617f68fcb9fa3bb7640c23e9c748e53fb30934"
dependencies = [
 "unicode-ident",
]

[[package]]
name = "quote"
version = "1.0.45"
source = "registry+https://github.com/rust-lang/crates.io-index"
checksum = "41f2619966050689382d2b44f664f4bc593e129785a36d6ee376ddf37259b924"
dependencies = [
 "proc-macro2",
]

[[package]]
name = "retry-cli"
version = "0.0.6"
dependencies = [
 "clap",
 "duration-string",
 "exponential-backoff",
]

[[package]]
name = "syn"
version = "2.0.117"
source = "registry+https://github.com/rust-lang/crates.io-index"
checksum = "e665b8803e7b1d2a727f4023456bbbbe74da67099c585258af0ad9c5013b9b99"
dependencies = [
 "proc-macro2",
 "quote",
 "unicode-ident",
]

[[package]]
name = "unicode-ident"
version = "1.0.20"
source = "registry+https://github.com/rust-lang/crates.io-index"
checksum = "462eeb75aeb73aea900253ce739c8e18a67423fadf006037cd3ff27e82748a06"
